
Microsoft Visual Studio Solution File, Format Version 12.00
# Visual Studio Version 17
VisualStudioVersion = 17.14.36429.23
MinimumVisualStudioVersion = 10.0.40219.1
Project("{FAE04EC0-301F-11D3-BF4B-00C04F79EFBC}") = "RemoteControl1", "RemoteControl1.csproj", "{4FA069DF-43CA-44D6-A086-826D2CB9DD3E}"
EndProject
Global
	GlobalSection(SolutionConfigurationPlatforms) = preSolution
		Debug|Any CPU = Debug|Any CPU
		Release|Any CPU = Release|Any CPU
	EndGlobalSection
	GlobalSection(ProjectConfigurationPlatforms) = postSolution
		{4FA069DF-43CA-44D6-A086-826D2CB9DD3E}.Debug|Any CPU.ActiveCfg = Debug|Any CPU
		{4FA069DF-43CA-44D6-A086-826D2CB9DD3E}.Debug|Any CPU.Build.0 = Debug|Any CPU
		{4FA069DF-43CA-44D6-A086-826D2CB9DD3E}.Release|Any CPU.ActiveCfg = Release|Any CPU
		{4FA069DF-43CA-44D6-A086-826D2CB9DD3E}.Release|Any CPU.Build.0 = Release|Any CPU
	EndGlobalSection
	GlobalSection(SolutionProperties) = preSolution
		HideSolutionNode = FALSE
	EndGlobalSection
	GlobalSection(ExtensibilityGlobals) = postSolution
		SolutionGuid = {DDD6709E-6185-4384-9F6D-DB27CD1FBD37}
	EndGlobalSection
EndGlobal
